
Microsoft Visual Studio Solution File, Format Version 12.00
# Visual Studio 15
VisualStudioVersion = 15.0.28010.2026
MinimumVisualStudioVersion = 10.0.40219.1
Project("{FAE04EC0-301F-11D3-BF4B-00C04F79EFBC}") = "abc", "abc\abc.csproj", "{82140F9A-813B-4496-9C56-125EA0E0A9DE}"
EndProject
Global
	GlobalSection(SolutionConfigurationPlatforms) = preSolution
		Debug|Any CPU = Debug|Any CPU
		Release|Any CPU = Release|Any CPU
	EndGlobalSection
	GlobalSection(ProjectConfigurationPlatforms) = postSolution
		{82140F9A-813B-4496-9C56-125EA0E0A9DE}.Debug|Any CPU.ActiveCfg = Debug|Any CPU
		{82140F9A-813B-4496-9C56-125EA0E0A9DE}.Debug|Any CPU.Build.0 = Debug|Any CPU
		{82140F9A-813B-4496-9C56-125EA0E0A9DE}.Release|Any CPU.ActiveCfg = Release|Any CPU
		{82140F9A-813B-4496-9C56-125EA0E0A9DE}.Release|Any CPU.Build.0 = Release|Any CPU
	EndGlobalSection
	GlobalSection(SolutionProperties) = preSolution
		HideSolutionNode = FALSE
	EndGlobalSection
	GlobalSection(ExtensibilityGlobals) = postSolution
		SolutionGuid = {2036A3E1-ECA2-4172-BCC3-D7A49B792CCD}
	EndGlobalSection
EndGlobal
